
Microsoft Visual Studio Solution File, Format Version 12.00
# Visual Studio 15
VisualStudioVersion = 15.0.27205.2004
MinimumVisualStudioVersion = 10.0.40219.1
Project("{FAE04EC0-301F-11D3-BF4B-00C04F79EFBC}") = "TaffyScript", "TaffyScript\TaffyScript.csproj", "{68399D06-20DF-4CE8-9920-BD82DF2B8F69}"
EndProject
Project("{FAE04EC0-301F-11D3-BF4B-00C04F79EFBC}") = "TaffyScriptCompiler", "TaffyScriptCompiler\TaffyScriptCompiler.csproj", "{4022F406-FCE6-4A8D-B99F-6EF6C406248A}"
EndProject
Project("{2150E333-8FDC-42A3-9474-1A3956D46DE8}") = "Samples", "Samples", "{72AE5BB0-7F7F-440D-B6F3-285D2BB6AE36}"
EndProject
Project("{2150E333-8FDC-42A3-9474-1A3956D46DE8}") = "Moddable", "Moddable", "{C1D06C64-8F79-4F33-9D02-0769F22546B9}"
EndProject
Project("{FAE04EC0-301F-11D3-BF4B-00C04F79EFBC}") = "Moddable", "..\Moddable\Moddable\Moddable.csproj", "{C3E9CCDE-C338-42BD-8F87-03699FE0DC08}"
EndProject
Project("{FAE04EC0-301F-11D3-BF4B-00C04F79EFBC}") = "ModdableExtern", "..\Moddable\ModdableExtern\ModdableExtern.csproj", "{A4B77AD8-18D2-41C4-8B0F-FDF39E2EBC32}"
EndProject
Global
	GlobalSection(SolutionConfigurationPlatforms) = preSolution
		Debug|Any CPU = Debug|Any CPU
		Debug|x86 = Debug|x86
		Release|Any CPU = Release|Any CPU
		Release|x86 = Release|x86
	EndGlobalSection
	GlobalSection(ProjectConfigurationPlatforms) = postSolution
		{68399D06-20DF-4CE8-9920-BD82DF2B8F69}.Debug|Any CPU.ActiveCfg = Debug|Any CPU
		{68399D06-20DF-4CE8-9920-BD82DF2B8F69}.Debug|Any CPU.Build.0 = Debug|Any CPU
		{68399D06-20DF-4CE8-9920-BD82DF2B8F69}.Debug|x86.ActiveCfg = Debug|Any CPU
		{68399D06-20DF-4CE8-9920-BD82DF2B8F69}.Debug|x86.Build.0 = Debug|Any CPU
		{68399D06-20DF-4CE8-9920-BD82DF2B8F69}.Release|Any CPU.ActiveCfg = Release|Any CPU
		{68399D06-20DF-4CE8-9920-BD82DF2B8F69}.Release|Any CPU.Build.0 = Release|Any CPU
		{68399D06-20DF-4CE8-9920-BD82DF2B8F69}.Release|x86.ActiveCfg = Release|Any CPU
		{68399D06-20DF-4CE8-9920-BD82DF2B8F69}.Release|x86.Build.0 = Release|Any CPU
		{4022F406-FCE6-4A8D-B99F-6EF6C406248A}.Debug|Any CPU.ActiveCfg = Debug|Any CPU
		{4022F406-FCE6-4A8D-B99F-6EF6C406248A}.Debug|Any CPU.Build.0 = Debug|Any CPU
		{4022F406-FCE6-4A8D-B99F-6EF6C406248A}.Debug|x86.ActiveCfg = Debug|Any CPU
		{4022F406-FCE6-4A8D-B99F-6EF6C406248A}.Debug|x86.Build.0 = Debug|Any CPU
		{4022F406-FCE6-4A8D-B99F-6EF6C406248A}.Release|Any CPU.ActiveCfg = Release|Any CPU
		{4022F406-FCE6-4A8D-B99F-6EF6C406248A}.Release|Any CPU.Build.0 = Release|Any CPU
		{4022F406-FCE6-4A8D-B99F-6EF6C406248A}.Release|x86.ActiveCfg = Release|Any CPU
		{4022F406-FCE6-4A8D-B99F-6EF6C406248A}.Release|x86.Build.0 = Release|Any CPU
		{C3E9CCDE-C338-42BD-8F87-03699FE0DC08}.Debug|Any CPU.ActiveCfg = Debug|x86
		{C3E9CCDE-C338-42BD-8F87-03699FE0DC08}.Debug|x86.ActiveCfg = Debug|x86
		{C3E9CCDE-C338-42BD-8F87-03699FE0DC08}.Debug|x86.Build.0 = Debug|x86
		{C3E9CCDE-C338-42BD-8F87-03699FE0DC08}.Release|Any CPU.ActiveCfg = Release|x86
		{C3E9CCDE-C338-42BD-8F87-03699FE0DC08}.Release|x86.ActiveCfg = Release|x86
		{C3E9CCDE-C338-42BD-8F87-03699FE0DC08}.Release|x86.Build.0 = Release|x86
		{A4B77AD8-18D2-41C4-8B0F-FDF39E2EBC32}.Debug|Any CPU.ActiveCfg = Debug|Any CPU
		{A4B77AD8-18D2-41C4-8B0F-FDF39E2EBC32}.Debug|Any CPU.Build.0 = Debug|Any CPU
		{A4B77AD8-18D2-41C4-8B0F-FDF39E2EBC32}.Debug|x86.ActiveCfg = Debug|Any CPU
		{A4B77AD8-18D2-41C4-8B0F-FDF39E2EBC32}.Debug|x86.Build.0 = Debug|Any CPU
		{A4B77AD8-18D2-41C4-8B0F-FDF39E2EBC32}.Release|Any CPU.ActiveCfg = Release|Any CPU
		{A4B77AD8-18D2-41C4-8B0F-FDF39E2EBC32}.Release|Any CPU.Build.0 = Release|Any CPU
		{A4B77AD8-18D2-41C4-8B0F-FDF39E2EBC32}.Release|x86.ActiveCfg = Release|Any CPU
		{A4B77AD8-18D2-41C4-8B0F-FDF39E2EBC32}.Release|x86.Build.0 = Release|Any CPU
	EndGlobalSection
	GlobalSection(SolutionProperties) = preSolution
		HideSolutionNode = FALSE
	EndGlobalSection
	GlobalSection(NestedProjects) = preSolution
		{C1D06C64-8F79-4F33-9D02-0769F22546B9} = {72AE5BB0-7F7F-440D-B6F3-285D2BB6AE36}
		{C3E9CCDE-C338-42BD-8F87-03699FE0DC08} = {C1D06C64-8F79-4F33-9D02-0769F22546B9}
		{A4B77AD8-18D2-41C4-8B0F-FDF39E2EBC32} = {C1D06C64-8F79-4F33-9D02-0769F22546B9}
	EndGlobalSection
	GlobalSection(ExtensibilityGlobals) = postSolution
		SolutionGuid = {E5516255-2DA7-489A-A389-E474E6091E62}
	EndGlobalSection
EndGlobal
