
Microsoft Visual Studio Solution File, Format Version 12.00
# Visual Studio 15
VisualStudioVersion = 15.0.27205.2004
MinimumVisualStudioVersion = 10.0.40219.1
Project("{FAE04EC0-301F-11D3-BF4B-00C04F79EFBC}") = "TaffyScript", "TaffyScript\TaffyScript.csproj", "{68399D06-20DF-4CE8-9920-BD82DF2B8F69}"
EndProject
Project("{FAE04EC0-301F-11D3-BF4B-00C04F79EFBC}") = "TaffyScript.Compiler", "TaffyScript.Compiler\TaffyScript.Compiler.csproj", "{4022F406-FCE6-4A8D-B99F-6EF6C406248A}"
EndProject
Project("{2150E333-8FDC-42A3-9474-1A3956D46DE8}") = "Samples", "Samples", "{72AE5BB0-7F7F-440D-B6F3-285D2BB6AE36}"
EndProject
Project("{2150E333-8FDC-42A3-9474-1A3956D46DE8}") = "Threading", "Threading", "{17440014-AC44-4587-B789-DAA19E97867F}"
EndProject
Project("{FAE04EC0-301F-11D3-BF4B-00C04F79EFBC}") = "TaffyScript.Threading", "Samples\Threading\TaffyScript.Threading\TaffyScript.Threading.csproj", "{3D25DE02-F1A9-47E0-B570-1DCF3882D7D4}"
EndProject
Project("{2150E333-8FDC-42A3-9474-1A3956D46DE8}") = "TestSuite", "TestSuite", "{975D9075-A453-42F9-914E-845D3181A1E9}"
EndProject
Project("{FAE04EC0-301F-11D3-BF4B-00C04F79EFBC}") = "TaffyScript.Tests", "Samples\TestSuite\TaffyScript.Tests\TaffyScript.Tests.csproj", "{0C33B274-4C13-4F74-9A4C-83C3ADB82408}"
EndProject
Project("{FAE04EC0-301F-11D3-BF4B-00C04F79EFBC}") = "TaffyScript.CommandLine", "TaffyScript.CommandLine\TaffyScript.CommandLine.csproj", "{FF4BC25B-646A-4849-BFC1-4731CEC9D456}"
EndProject
Project("{FAE04EC0-301F-11D3-BF4B-00C04F79EFBC}") = "TaffyScript.Documentation", "TaffyScript.Documentation\TaffyScript.Documentation.csproj", "{46209831-5941-46BC-A579-1503FCA5D2E4}"
EndProject
Global
	GlobalSection(SolutionConfigurationPlatforms) = preSolution
		Debug|Any CPU = Debug|Any CPU
		Debug|x64 = Debug|x64
		Debug|x86 = Debug|x86
		Release|Any CPU = Release|Any CPU
		Release|x64 = Release|x64
		Release|x86 = Release|x86
	EndGlobalSection
	GlobalSection(ProjectConfigurationPlatforms) = postSolution
		{68399D06-20DF-4CE8-9920-BD82DF2B8F69}.Debug|Any CPU.ActiveCfg = Debug|Any CPU
		{68399D06-20DF-4CE8-9920-BD82DF2B8F69}.Debug|Any CPU.Build.0 = Debug|Any CPU
		{68399D06-20DF-4CE8-9920-BD82DF2B8F69}.Debug|x64.ActiveCfg = Debug|Any CPU
		{68399D06-20DF-4CE8-9920-BD82DF2B8F69}.Debug|x64.Build.0 = Debug|Any CPU
		{68399D06-20DF-4CE8-9920-BD82DF2B8F69}.Debug|x86.ActiveCfg = Debug|Any CPU
		{68399D06-20DF-4CE8-9920-BD82DF2B8F69}.Debug|x86.Build.0 = Debug|Any CPU
		{68399D06-20DF-4CE8-9920-BD82DF2B8F69}.Release|Any CPU.ActiveCfg = Release|Any CPU
		{68399D06-20DF-4CE8-9920-BD82DF2B8F69}.Release|Any CPU.Build.0 = Release|Any CPU
		{68399D06-20DF-4CE8-9920-BD82DF2B8F69}.Release|x64.ActiveCfg = Release|Any CPU
		{68399D06-20DF-4CE8-9920-BD82DF2B8F69}.Release|x64.Build.0 = Release|Any CPU
		{68399D06-20DF-4CE8-9920-BD82DF2B8F69}.Release|x86.ActiveCfg = Release|Any CPU
		{68399D06-20DF-4CE8-9920-BD82DF2B8F69}.Release|x86.Build.0 = Release|Any CPU
		{4022F406-FCE6-4A8D-B99F-6EF6C406248A}.Debug|Any CPU.ActiveCfg = Debug|Any CPU
		{4022F406-FCE6-4A8D-B99F-6EF6C406248A}.Debug|Any CPU.Build.0 = Debug|Any CPU
		{4022F406-FCE6-4A8D-B99F-6EF6C406248A}.Debug|x64.ActiveCfg = Debug|Any CPU
		{4022F406-FCE6-4A8D-B99F-6EF6C406248A}.Debug|x64.Build.0 = Debug|Any CPU
		{4022F406-FCE6-4A8D-B99F-6EF6C406248A}.Debug|x86.ActiveCfg = Debug|Any CPU
		{4022F406-FCE6-4A8D-B99F-6EF6C406248A}.Debug|x86.Build.0 = Debug|Any CPU
		{4022F406-FCE6-4A8D-B99F-6EF6C406248A}.Release|Any CPU.ActiveCfg = Release|Any CPU
		{4022F406-FCE6-4A8D-B99F-6EF6C406248A}.Release|Any CPU.Build.0 = Release|Any CPU
		{4022F406-FCE6-4A8D-B99F-6EF6C406248A}.Release|x64.ActiveCfg = Release|Any CPU
		{4022F406-FCE6-4A8D-B99F-6EF6C406248A}.Release|x64.Build.0 = Release|Any CPU
		{4022F406-FCE6-4A8D-B99F-6EF6C406248A}.Release|x86.ActiveCfg = Release|Any CPU
		{4022F406-FCE6-4A8D-B99F-6EF6C406248A}.Release|x86.Build.0 = Release|Any CPU
		{3D25DE02-F1A9-47E0-B570-1DCF3882D7D4}.Debug|Any CPU.ActiveCfg = Debug|Any CPU
		{3D25DE02-F1A9-47E0-B570-1DCF3882D7D4}.Debug|Any CPU.Build.0 = Debug|Any CPU
		{3D25DE02-F1A9-47E0-B570-1DCF3882D7D4}.Debug|x64.ActiveCfg = Debug|Any CPU
		{3D25DE02-F1A9-47E0-B570-1DCF3882D7D4}.Debug|x64.Build.0 = Debug|Any CPU
		{3D25DE02-F1A9-47E0-B570-1DCF3882D7D4}.Debug|x86.ActiveCfg = Debug|Any CPU
		{3D25DE02-F1A9-47E0-B570-1DCF3882D7D4}.Debug|x86.Build.0 = Debug|Any CPU
		{3D25DE02-F1A9-47E0-B570-1DCF3882D7D4}.Release|Any CPU.ActiveCfg = Release|Any CPU
		{3D25DE02-F1A9-47E0-B570-1DCF3882D7D4}.Release|Any CPU.Build.0 = Release|Any CPU
		{3D25DE02-F1A9-47E0-B570-1DCF3882D7D4}.Release|x64.ActiveCfg = Release|Any CPU
		{3D25DE02-F1A9-47E0-B570-1DCF3882D7D4}.Release|x64.Build.0 = Release|Any CPU
		{3D25DE02-F1A9-47E0-B570-1DCF3882D7D4}.Release|x86.ActiveCfg = Release|Any CPU
		{3D25DE02-F1A9-47E0-B570-1DCF3882D7D4}.Release|x86.Build.0 = Release|Any CPU
		{0C33B274-4C13-4F74-9A4C-83C3ADB82408}.Debug|Any CPU.ActiveCfg = Debug|Any CPU
		{0C33B274-4C13-4F74-9A4C-83C3ADB82408}.Debug|Any CPU.Build.0 = Debug|Any CPU
		{0C33B274-4C13-4F74-9A4C-83C3ADB82408}.Debug|x64.ActiveCfg = Debug|Any CPU
		{0C33B274-4C13-4F74-9A4C-83C3ADB82408}.Debug|x64.Build.0 = Debug|Any CPU
		{0C33B274-4C13-4F74-9A4C-83C3ADB82408}.Debug|x86.ActiveCfg = Debug|Any CPU
		{0C33B274-4C13-4F74-9A4C-83C3ADB82408}.Debug|x86.Build.0 = Debug|Any CPU
		{0C33B274-4C13-4F74-9A4C-83C3ADB82408}.Release|Any CPU.ActiveCfg = Release|Any CPU
		{0C33B274-4C13-4F74-9A4C-83C3ADB82408}.Release|Any CPU.Build.0 = Release|Any CPU
		{0C33B274-4C13-4F74-9A4C-83C3ADB82408}.Release|x64.ActiveCfg = Release|Any CPU
		{0C33B274-4C13-4F74-9A4C-83C3ADB82408}.Release|x64.Build.0 = Release|Any CPU
		{0C33B274-4C13-4F74-9A4C-83C3ADB82408}.Release|x86.ActiveCfg = Release|Any CPU
		{0C33B274-4C13-4F74-9A4C-83C3ADB82408}.Release|x86.Build.0 = Release|Any CPU
		{FF4BC25B-646A-4849-BFC1-4731CEC9D456}.Debug|Any CPU.ActiveCfg = Debug|Any CPU
		{FF4BC25B-646A-4849-BFC1-4731CEC9D456}.Debug|Any CPU.Build.0 = Debug|Any CPU
		{FF4BC25B-646A-4849-BFC1-4731CEC9D456}.Debug|x64.ActiveCfg = Debug|Any CPU
		{FF4BC25B-646A-4849-BFC1-4731CEC9D456}.Debug|x64.Build.0 = Debug|Any CPU
		{FF4BC25B-646A-4849-BFC1-4731CEC9D456}.Debug|x86.ActiveCfg = Debug|Any CPU
		{FF4BC25B-646A-4849-BFC1-4731CEC9D456}.Debug|x86.Build.0 = Debug|Any CPU
		{FF4BC25B-646A-4849-BFC1-4731CEC9D456}.Release|Any CPU.ActiveCfg = Release|Any CPU
		{FF4BC25B-646A-4849-BFC1-4731CEC9D456}.Release|Any CPU.Build.0 = Release|Any CPU
		{FF4BC25B-646A-4849-BFC1-4731CEC9D456}.Release|x64.ActiveCfg = Release|Any CPU
		{FF4BC25B-646A-4849-BFC1-4731CEC9D456}.Release|x64.Build.0 = Release|Any CPU
		{FF4BC25B-646A-4849-BFC1-4731CEC9D456}.Release|x86.ActiveCfg = Release|Any CPU
		{FF4BC25B-646A-4849-BFC1-4731CEC9D456}.Release|x86.Build.0 = Release|Any CPU
		{46209831-5941-46BC-A579-1503FCA5D2E4}.Debug|Any CPU.ActiveCfg = Debug|Any CPU
		{46209831-5941-46BC-A579-1503FCA5D2E4}.Debug|Any CPU.Build.0 = Debug|Any CPU
		{46209831-5941-46BC-A579-1503FCA5D2E4}.Debug|x64.ActiveCfg = Debug|Any CPU
		{46209831-5941-46BC-A579-1503FCA5D2E4}.Debug|x64.Build.0 = Debug|Any CPU
		{46209831-5941-46BC-A579-1503FCA5D2E4}.Debug|x86.ActiveCfg = Debug|Any CPU
		{46209831-5941-46BC-A579-1503FCA5D2E4}.Debug|x86.Build.0 = Debug|Any CPU
		{46209831-5941-46BC-A579-1503FCA5D2E4}.Release|Any CPU.ActiveCfg = Release|Any CPU
		{46209831-5941-46BC-A579-1503FCA5D2E4}.Release|Any CPU.Build.0 = Release|Any CPU
		{46209831-5941-46BC-A579-1503FCA5D2E4}.Release|x64.ActiveCfg = Release|Any CPU
		{46209831-5941-46BC-A579-1503FCA5D2E4}.Release|x64.Build.0 = Release|Any CPU
		{46209831-5941-46BC-A579-1503FCA5D2E4}.Release|x86.ActiveCfg = Release|Any CPU
		{46209831-5941-46BC-A579-1503FCA5D2E4}.Release|x86.Build.0 = Release|Any CPU
	EndGlobalSection
	GlobalSection(SolutionProperties) = preSolution
		HideSolutionNode = FALSE
	EndGlobalSection
	GlobalSection(NestedProjects) = preSolution
		{17440014-AC44-4587-B789-DAA19E97867F} = {72AE5BB0-7F7F-440D-B6F3-285D2BB6AE36}
		{3D25DE02-F1A9-47E0-B570-1DCF3882D7D4} = {17440014-AC44-4587-B789-DAA19E97867F}
		{975D9075-A453-42F9-914E-845D3181A1E9} = {72AE5BB0-7F7F-440D-B6F3-285D2BB6AE36}
		{0C33B274-4C13-4F74-9A4C-83C3ADB82408} = {975D9075-A453-42F9-914E-845D3181A1E9}
	EndGlobalSection
	GlobalSection(ExtensibilityGlobals) = postSolution
		SolutionGuid = {E5516255-2DA7-489A-A389-E474E6091E62}
	EndGlobalSection
EndGlobal
